# This file is automatically @generated by Cargo.
# It is not intended for manual editing.
version = 3

[[package]]
name = "ruyi-cli"
version = "0.1.0"
dependencies = [
 "ruyiseek-ipc",
]

[[package]]
name = "ruyiseek-core"
version = "0.1.0"

[[package]]
name = "ruyiseek-index"
version = "0.1.0"
dependencies = [
 "ruyiseek-core",
]

[[package]]
name = "ruyiseek-ipc"
version = "0.1.0"
dependencies = [
 "ruyiseek-core",
]

[[package]]
name = "ruyiseek-platform"
version = "0.1.0"

[[package]]
name = "ruyiseek-query"
version = "0.1.0"
dependencies = [
 "ruyiseek-core",
]

[[package]]
name = "ruyiseek-ui"
version = "0.1.0"
dependencies = [
 "ruyiseek-ipc",
 "ruyiseek-platform",
]

[[package]]
name = "ruyiseekd"
version = "0.1.0"
dependencies = [
 "ruyiseek-core",
 "ruyiseek-index",
 "ruyiseek-ipc",
 "ruyiseek-query",
]
